
Microsoft Visual Studio Solution File, Format Version 12.00
# Visual Studio Version 17
VisualStudioVersion = 17.4.33205.214
MinimumVisualStudioVersion = 10.0.40219.1
Project("{2150E333-8FDC-42A3-9474-1A3956D46DE8}") = "src", "src", "{11AA993C-9BEE-4C31-9FD5-A8F1DC184F01}"
EndProject
Project("{2150E333-8FDC-42A3-9474-1A3956D46DE8}") = "Building Blocks", "Building Blocks", "{C6425E8F-370C-45D8-A41A-3CC71B6FDF22}"
EndProject
Project("{2150E333-8FDC-42A3-9474-1A3956D46DE8}") = "Services", "Services", "{24240ECC-C31E-48A7-8F18-9172874D61C3}"
EndProject
Project("{2150E333-8FDC-42A3-9474-1A3956D46DE8}") = "Web", "Web", "{BE29B036-5105-41F1-9CA8-BB6BCF994F07}"
EndProject
Project("{2150E333-8FDC-42A3-9474-1A3956D46DE8}") = "Identidade", "Identidade", "{D7CB051F-11CA-4E14-9605-CCC97EE4F789}"
EndProject
Project("{9A19103F-16F7-4668-BE54-9A1E7A4F7556}") = "NSE.Identidade.API", "src\services\Hunter.identidade.API\NSE.Identidade.API.csproj", "{EF6E3F3E-9BC3-4C2F-9A2A-12671D0445D4}"
EndProject
Project("{2150E333-8FDC-42A3-9474-1A3956D46DE8}") = "MVC", "MVC", "{5F73B4AC-347F-4BD8-96DE-07B0CAD16CF9}"
EndProject
Project("{9A19103F-16F7-4668-BE54-9A1E7A4F7556}") = "Hunter.WebApp.MVC", "src\web\Hunter.WebApp.MVC\Hunter.WebApp.MVC.csproj", "{0AF13BE4-C7FC-469D-A374-F42EAC8A532F}"
EndProject
Project("{2150E333-8FDC-42A3-9474-1A3956D46DE8}") = "Core", "Core", "{97AE5343-F2DF-4ADF-893D-937CF052732E}"
EndProject
Project("{9A19103F-16F7-4668-BE54-9A1E7A4F7556}") = "NSE.Core", "NSE.Core\NSE.Core.csproj", "{AE26A20D-00E0-4A95-BF33-9C21035BE6D9}"
EndProject
Global
	GlobalSection(SolutionConfigurationPlatforms) = preSolution
		Debug|Any CPU = Debug|Any CPU
		Release|Any CPU = Release|Any CPU
	EndGlobalSection
	GlobalSection(ProjectConfigurationPlatforms) = postSolution
		{EF6E3F3E-9BC3-4C2F-9A2A-12671D0445D4}.Debug|Any CPU.ActiveCfg = Debug|Any CPU
		{EF6E3F3E-9BC3-4C2F-9A2A-12671D0445D4}.Debug|Any CPU.Build.0 = Debug|Any CPU
		{EF6E3F3E-9BC3-4C2F-9A2A-12671D0445D4}.Release|Any CPU.ActiveCfg = Release|Any CPU
		{EF6E3F3E-9BC3-4C2F-9A2A-12671D0445D4}.Release|Any CPU.Build.0 = Release|Any CPU
		{0AF13BE4-C7FC-469D-A374-F42EAC8A532F}.Debug|Any CPU.ActiveCfg = Debug|Any CPU
		{0AF13BE4-C7FC-469D-A374-F42EAC8A532F}.Debug|Any CPU.Build.0 = Debug|Any CPU
		{0AF13BE4-C7FC-469D-A374-F42EAC8A532F}.Release|Any CPU.ActiveCfg = Release|Any CPU
		{0AF13BE4-C7FC-469D-A374-F42EAC8A532F}.Release|Any CPU.Build.0 = Release|Any CPU
		{AE26A20D-00E0-4A95-BF33-9C21035BE6D9}.Debug|Any CPU.ActiveCfg = Debug|Any CPU
		{AE26A20D-00E0-4A95-BF33-9C21035BE6D9}.Debug|Any CPU.Build.0 = Debug|Any CPU
		{AE26A20D-00E0-4A95-BF33-9C21035BE6D9}.Release|Any CPU.ActiveCfg = Release|Any CPU
		{AE26A20D-00E0-4A95-BF33-9C21035BE6D9}.Release|Any CPU.Build.0 = Release|Any CPU
	EndGlobalSection
	GlobalSection(SolutionProperties) = preSolution
		HideSolutionNode = FALSE
	EndGlobalSection
	GlobalSection(NestedProjects) = preSolution
		{C6425E8F-370C-45D8-A41A-3CC71B6FDF22} = {11AA993C-9BEE-4C31-9FD5-A8F1DC184F01}
		{24240ECC-C31E-48A7-8F18-9172874D61C3} = {11AA993C-9BEE-4C31-9FD5-A8F1DC184F01}
		{BE29B036-5105-41F1-9CA8-BB6BCF994F07} = {11AA993C-9BEE-4C31-9FD5-A8F1DC184F01}
		{D7CB051F-11CA-4E14-9605-CCC97EE4F789} = {24240ECC-C31E-48A7-8F18-9172874D61C3}
		{EF6E3F3E-9BC3-4C2F-9A2A-12671D0445D4} = {D7CB051F-11CA-4E14-9605-CCC97EE4F789}
		{5F73B4AC-347F-4BD8-96DE-07B0CAD16CF9} = {BE29B036-5105-41F1-9CA8-BB6BCF994F07}
		{0AF13BE4-C7FC-469D-A374-F42EAC8A532F} = {5F73B4AC-347F-4BD8-96DE-07B0CAD16CF9}
		{97AE5343-F2DF-4ADF-893D-937CF052732E} = {C6425E8F-370C-45D8-A41A-3CC71B6FDF22}
		{AE26A20D-00E0-4A95-BF33-9C21035BE6D9} = {97AE5343-F2DF-4ADF-893D-937CF052732E}
	EndGlobalSection
	GlobalSection(ExtensibilityGlobals) = postSolution
		SolutionGuid = {FA8CCA74-6095-4F50-81CC-8573EE6BE7E2}
	EndGlobalSection
EndGlobal
