
Microsoft Visual Studio Solution File, Format Version 12.00
# Visual Studio Version 17
VisualStudioVersion = 17.4.33205.214
MinimumVisualStudioVersion = 10.0.40219.1
Project("{2150E333-8FDC-42A3-9474-1A3956D46DE8}") = "src", "src", "{BDFBD988-131D-4A98-87FB-77C179C711D8}"
EndProject
Project("{2150E333-8FDC-42A3-9474-1A3956D46DE8}") = "Building blocks", "Building blocks", "{B90BC2BE-BE20-43FB-9350-3AC575D64F2C}"
EndProject
Project("{2150E333-8FDC-42A3-9474-1A3956D46DE8}") = "services", "services", "{96E037E0-3FBF-4B7F-883C-574767345C8C}"
EndProject
Project("{2150E333-8FDC-42A3-9474-1A3956D46DE8}") = "web", "web", "{2CC8CEF0-A7CE-49E1-BC58-1E68D2A1A1A7}"
EndProject
Project("{2150E333-8FDC-42A3-9474-1A3956D46DE8}") = "Identidade", "Identidade", "{A6E215BD-5CDA-4BB9-A55A-B832BECEC190}"
EndProject
Project("{FAE04EC0-301F-11D3-BF4B-00C04F79EFBC}") = "NSE.Identidade.API", "src\services\NSE.identidade.Api\NSE.Identidade.API.csproj", "{C6914D79-92AA-4B85-B094-482C1F1DC7BA}"
EndProject
Project("{2150E333-8FDC-42A3-9474-1A3956D46DE8}") = "MVC", "MVC", "{7695575A-D3FA-4451-A621-23339BE20B50}"
EndProject
Project("{FAE04EC0-301F-11D3-BF4B-00C04F79EFBC}") = "NSE.Web.App.MVC", "src\web\NSE.Web.App.MVC\NSE.Web.App.MVC.csproj", "{8BC05659-744C-49EF-80DE-84501609B3FA}"
EndProject
Project("{2150E333-8FDC-42A3-9474-1A3956D46DE8}") = "Core", "Core", "{3C71E680-2452-4033-95B2-5B43FD69C0CA}"
EndProject
Project("{FAE04EC0-301F-11D3-BF4B-00C04F79EFBC}") = "NSE.Core", "src\building blocks\NSE.Core\NSE.Core.csproj", "{BFC5D759-1100-4BB2-8410-CCCEDAC185DA}"
EndProject
Project("{2150E333-8FDC-42A3-9474-1A3956D46DE8}") = "Carrinho", "Carrinho", "{FE2EC3A2-38EE-4D18-95A7-F18A181BDB09}"
EndProject
Project("{FAE04EC0-301F-11D3-BF4B-00C04F79EFBC}") = "NSE.Carrinho.API", "src\services\WebApplication1\NSE.Carrinho.API.csproj", "{37E58928-142B-4115-BAFD-5A1229FA00D1}"
EndProject
Project("{2150E333-8FDC-42A3-9474-1A3956D46DE8}") = "Catalogo", "Catalogo", "{08A5B68A-3E11-4AF5-831E-4C0FC36AF44D}"
EndProject
Project("{FAE04EC0-301F-11D3-BF4B-00C04F79EFBC}") = "NSE.Catalogo.API", "src\services\NSE.catalogo.API\NSE.Catalogo.API.csproj", "{4558C33E-AEF4-44B1-8C99-8BB2B1D9DA66}"
EndProject
Project("{2150E333-8FDC-42A3-9474-1A3956D46DE8}") = "Cliente", "Cliente", "{68486042-E44A-4485-B95B-0B6E7DAA358F}"
EndProject
Project("{FAE04EC0-301F-11D3-BF4B-00C04F79EFBC}") = "NSE.Cliente.API", "src\services\NSE.cliente.API\NSE.Cliente.API.csproj", "{64F05B30-008D-42D4-87CE-AD418FB4993E}"
EndProject
Project("{2150E333-8FDC-42A3-9474-1A3956D46DE8}") = "Pagamento", "Pagamento", "{BA0A485A-1EDA-4AA1-8378-0243BAE3B48F}"
EndProject
Project("{FAE04EC0-301F-11D3-BF4B-00C04F79EFBC}") = "NSE.Pagamento.API", "src\services\NSE.pagamento.API\NSE.Pagamento.API.csproj", "{A06FE390-3D6E-45A1-AA24-3F7F6136CC4B}"
EndProject
Project("{2150E333-8FDC-42A3-9474-1A3956D46DE8}") = "Pedido", "Pedido", "{1CA5E191-6679-4EC2-9A4C-CF1ED15E83F4}"
EndProject
Project("{FAE04EC0-301F-11D3-BF4B-00C04F79EFBC}") = "NSE.Pedido.API", "src\services\NSE.Pedido.API\NSE.Pedido.API.csproj", "{B3123C1C-88FC-46D6-AAC5-0F91FAD0332E}"
EndProject
Global
	GlobalSection(SolutionConfigurationPlatforms) = preSolution
		Debug|Any CPU = Debug|Any CPU
		Release|Any CPU = Release|Any CPU
	EndGlobalSection
	GlobalSection(ProjectConfigurationPlatforms) = postSolution
		{C6914D79-92AA-4B85-B094-482C1F1DC7BA}.Debug|Any CPU.ActiveCfg = Debug|Any CPU
		{C6914D79-92AA-4B85-B094-482C1F1DC7BA}.Debug|Any CPU.Build.0 = Debug|Any CPU
		{C6914D79-92AA-4B85-B094-482C1F1DC7BA}.Release|Any CPU.ActiveCfg = Release|Any CPU
		{C6914D79-92AA-4B85-B094-482C1F1DC7BA}.Release|Any CPU.Build.0 = Release|Any CPU
		{8BC05659-744C-49EF-80DE-84501609B3FA}.Debug|Any CPU.ActiveCfg = Debug|Any CPU
		{8BC05659-744C-49EF-80DE-84501609B3FA}.Debug|Any CPU.Build.0 = Debug|Any CPU
		{8BC05659-744C-49EF-80DE-84501609B3FA}.Release|Any CPU.ActiveCfg = Release|Any CPU
		{8BC05659-744C-49EF-80DE-84501609B3FA}.Release|Any CPU.Build.0 = Release|Any CPU
		{BFC5D759-1100-4BB2-8410-CCCEDAC185DA}.Debug|Any CPU.ActiveCfg = Debug|Any CPU
		{BFC5D759-1100-4BB2-8410-CCCEDAC185DA}.Debug|Any CPU.Build.0 = Debug|Any CPU
		{BFC5D759-1100-4BB2-8410-CCCEDAC185DA}.Release|Any CPU.ActiveCfg = Release|Any CPU
		{BFC5D759-1100-4BB2-8410-CCCEDAC185DA}.Release|Any CPU.Build.0 = Release|Any CPU
		{37E58928-142B-4115-BAFD-5A1229FA00D1}.Debug|Any CPU.ActiveCfg = Debug|Any CPU
		{37E58928-142B-4115-BAFD-5A1229FA00D1}.Debug|Any CPU.Build.0 = Debug|Any CPU
		{37E58928-142B-4115-BAFD-5A1229FA00D1}.Release|Any CPU.ActiveCfg = Release|Any CPU
		{37E58928-142B-4115-BAFD-5A1229FA00D1}.Release|Any CPU.Build.0 = Release|Any CPU
		{4558C33E-AEF4-44B1-8C99-8BB2B1D9DA66}.Debug|Any CPU.ActiveCfg = Debug|Any CPU
		{4558C33E-AEF4-44B1-8C99-8BB2B1D9DA66}.Debug|Any CPU.Build.0 = Debug|Any CPU
		{4558C33E-AEF4-44B1-8C99-8BB2B1D9DA66}.Release|Any CPU.ActiveCfg = Release|Any CPU
		{4558C33E-AEF4-44B1-8C99-8BB2B1D9DA66}.Release|Any CPU.Build.0 = Release|Any CPU
		{64F05B30-008D-42D4-87CE-AD418FB4993E}.Debug|Any CPU.ActiveCfg = Debug|Any CPU
		{64F05B30-008D-42D4-87CE-AD418FB4993E}.Debug|Any CPU.Build.0 = Debug|Any CPU
		{64F05B30-008D-42D4-87CE-AD418FB4993E}.Release|Any CPU.ActiveCfg = Release|Any CPU
		{64F05B30-008D-42D4-87CE-AD418FB4993E}.Release|Any CPU.Build.0 = Release|Any CPU
		{A06FE390-3D6E-45A1-AA24-3F7F6136CC4B}.Debug|Any CPU.ActiveCfg = Debug|Any CPU
		{A06FE390-3D6E-45A1-AA24-3F7F6136CC4B}.Debug|Any CPU.Build.0 = Debug|Any CPU
		{A06FE390-3D6E-45A1-AA24-3F7F6136CC4B}.Release|Any CPU.ActiveCfg = Release|Any CPU
		{A06FE390-3D6E-45A1-AA24-3F7F6136CC4B}.Release|Any CPU.Build.0 = Release|Any CPU
		{B3123C1C-88FC-46D6-AAC5-0F91FAD0332E}.Debug|Any CPU.ActiveCfg = Debug|Any CPU
		{B3123C1C-88FC-46D6-AAC5-0F91FAD0332E}.Debug|Any CPU.Build.0 = Debug|Any CPU
		{B3123C1C-88FC-46D6-AAC5-0F91FAD0332E}.Release|Any CPU.ActiveCfg = Release|Any CPU
		{B3123C1C-88FC-46D6-AAC5-0F91FAD0332E}.Release|Any CPU.Build.0 = Release|Any CPU
	EndGlobalSection
	GlobalSection(SolutionProperties) = preSolution
		HideSolutionNode = FALSE
	EndGlobalSection
	GlobalSection(NestedProjects) = preSolution
		{B90BC2BE-BE20-43FB-9350-3AC575D64F2C} = {BDFBD988-131D-4A98-87FB-77C179C711D8}
		{96E037E0-3FBF-4B7F-883C-574767345C8C} = {BDFBD988-131D-4A98-87FB-77C179C711D8}
		{2CC8CEF0-A7CE-49E1-BC58-1E68D2A1A1A7} = {BDFBD988-131D-4A98-87FB-77C179C711D8}
		{A6E215BD-5CDA-4BB9-A55A-B832BECEC190} = {96E037E0-3FBF-4B7F-883C-574767345C8C}
		{C6914D79-92AA-4B85-B094-482C1F1DC7BA} = {A6E215BD-5CDA-4BB9-A55A-B832BECEC190}
		{7695575A-D3FA-4451-A621-23339BE20B50} = {2CC8CEF0-A7CE-49E1-BC58-1E68D2A1A1A7}
		{8BC05659-744C-49EF-80DE-84501609B3FA} = {7695575A-D3FA-4451-A621-23339BE20B50}
		{3C71E680-2452-4033-95B2-5B43FD69C0CA} = {B90BC2BE-BE20-43FB-9350-3AC575D64F2C}
		{BFC5D759-1100-4BB2-8410-CCCEDAC185DA} = {3C71E680-2452-4033-95B2-5B43FD69C0CA}
		{FE2EC3A2-38EE-4D18-95A7-F18A181BDB09} = {96E037E0-3FBF-4B7F-883C-574767345C8C}
		{37E58928-142B-4115-BAFD-5A1229FA00D1} = {FE2EC3A2-38EE-4D18-95A7-F18A181BDB09}
		{08A5B68A-3E11-4AF5-831E-4C0FC36AF44D} = {96E037E0-3FBF-4B7F-883C-574767345C8C}
		{4558C33E-AEF4-44B1-8C99-8BB2B1D9DA66} = {08A5B68A-3E11-4AF5-831E-4C0FC36AF44D}
		{68486042-E44A-4485-B95B-0B6E7DAA358F} = {96E037E0-3FBF-4B7F-883C-574767345C8C}
		{64F05B30-008D-42D4-87CE-AD418FB4993E} = {68486042-E44A-4485-B95B-0B6E7DAA358F}
		{BA0A485A-1EDA-4AA1-8378-0243BAE3B48F} = {96E037E0-3FBF-4B7F-883C-574767345C8C}
		{A06FE390-3D6E-45A1-AA24-3F7F6136CC4B} = {BA0A485A-1EDA-4AA1-8378-0243BAE3B48F}
		{1CA5E191-6679-4EC2-9A4C-CF1ED15E83F4} = {96E037E0-3FBF-4B7F-883C-574767345C8C}
		{B3123C1C-88FC-46D6-AAC5-0F91FAD0332E} = {1CA5E191-6679-4EC2-9A4C-CF1ED15E83F4}
	EndGlobalSection
	GlobalSection(ExtensibilityGlobals) = postSolution
		SolutionGuid = {F7D1934F-5CC5-4BA1-9E75-37E2A305A0DD}
	EndGlobalSection
EndGlobal
